// !$*UTF8*$!
{
	archiveVersion = 1;
	classes = {
	};
	objectVersion = 55;
	objects = {

/* Begin PBXBuildFile section */
		F9A30B5D27312C670092BD5C /* AppDelegate.swift in Sources */ = {isa = PBXBuildFile; fileRef = F9A30B5C27312C670092BD5C /* AppDelegate.swift */; };
		F9A30B5F27312C670092BD5C /* SceneDelegate.swift in Sources */ = {isa = PBXBuildFile; fileRef = F9A30B5E27312C670092BD5C /* SceneDelegate.swift */; };
		F9A30B6127312C670092BD5C /* ViewController.swift in Sources */ = {isa = PBXBuildFile; fileRef = F9A30B6027312C670092BD5C /* ViewController.swift */; };
		F9A30B6427312C670092BD5C /* Main.storyboard in Resources */ = {isa = PBXBuildFile; fileRef = F9A30B6227312C670092BD5C /* Main.storyboard */; };
		F9A30B6627312C680092BD5C /* Assets.xcassets in Resources */ = {isa = PBXBuildFile; fileRef = F9A30B6527312C680092BD5C /* Assets.xcassets */; };
		F9A30B6927312C680092BD5C /* LaunchScreen.storyboard in Resources */ = {isa = PBXBuildFile; fileRef = F9A30B6727312C680092BD5C /* LaunchScreen.storyboard */; };
		F9A30B7427312C680092BD5C /* STACKVIEWSTests.swift in Sources */ = {isa = PBXBuildFile; fileRef = F9A30B7327312C680092BD5C /* STACKVIEWSTests.swift */; };
		F9A30B7E27312C680092BD5C /* STACKVIEWSUITests.swift in Sources */ = {isa = PBXBuildFile; fileRef = F9A30B7D27312C680092BD5C /* STACKVIEWSUITests.swift */; };
		F9A30B8027312C680092BD5C /* STACKVIEWSUITestsLaunchTests.swift in Sources */ = {isa = PBXBuildFile; fileRef = F9A30B7F27312C680092BD5C /* STACKVIEWSUITestsLaunchTests.swift */; };
/* End PBXBuildFile section */

/* Begin PBXContainerItemProxy section */
		F9A30B7027312C680092BD5C /* PBXContainerItemProxy */ = {
			isa = PBXContainerItemProxy;
			containerPortal = F9A30B5127312C670092BD5C /* Project object */;
			proxyType = 1;
			remoteGlobalIDString = F9A30B5827312C670092BD5C;
			remoteInfo = STACKVIEWS;
		};
		F9A30B7A27312C680092BD5C /* PBXContainerItemProxy */ = {
			isa = PBXContainerItemProxy;
			containerPortal = F9A30B5127312C670092BD5C /* Project object */;
			proxyType = 1;
			remoteGlobalIDString = F9A30B5827312C670092BD5C;
			remoteInfo = STACKVIEWS;
		};
/* End PBXContainerItemProxy section */

/* Begin PBXFileReference section */
		F9A30B5927312C670092BD5C /* STACKVIEWS.app */ = {isa = PBXFileReference; explicitFileType = wrapper.application; includeInIndex = 0; path = STACKVIEWS.app; sourceTree = BUILT_PRODUCTS_DIR; };
		F9A30B5C27312C670092BD5C /* AppDelegate.swift */ = {isa = PBXFileReference; lastKnownFileType = sourcecode.swift; path = AppDelegate.swift; sourceTree = "<group>"; };
		F9A30B5E27312C670092BD5C /* SceneDelegate.swift */ = {isa = PBXFileReference; lastKnownFileType = sourcecode.swift; path = SceneDelegate.swift; sourceTree = "<group>"; };
		F9A30B6027312C670092BD5C /* ViewController.swift */ = {isa = PBXFileReference; lastKnownFileType = sourcecode.swift; path = ViewController.swift; sourceTree = "<group>"; };
		F9A30B6327312C670092BD5C /* Base */ = {isa = PBXFileReference; lastKnownFileType = file.storyboard; name = Base; path = Base.lproj/Main.storyboard; sourceTree = "<group>"; };
		F9A30B6527312C680092BD5C /* Assets.xcassets */ = {isa = PBXFileReference; lastKnownFileType = folder.assetcatalog; path = Assets.xcassets; sourceTree = "<group>"; };
		F9A30B6827312C680092BD5C /* Base */ = {isa = PBXFileReference; lastKnownFileType = file.storyboard; name = Base; path = Base.lproj/LaunchScreen.storyboard; sourceTree = "<group>"; };
		F9A30B6A27312C680092BD5C /* Info.plist */ = {isa = PBXFileReference; lastKnownFileType = text.plist.xml; path = Info.plist; sourceTree = "<group>"; };
		F9A30B6F27312C680092BD5C /* STACKVIEWSTests.xctest */ = {isa = PBXFileReference; explicitFileType = wrapper.cfbundle; includeInIndex = 0; path = STACKVIEWSTests.xctest; sourceTree = BUILT_PRODUCTS_DIR; };
		F9A30B7327312C680092BD5C /* STACKVIEWSTests.swift */ = {isa = PBXFileReference; lastKnownFileType = sourcecode.swift; path = STACKVIEWSTests.swift; sourceTree = "<group>"; };
		F9A30B7927312C680092BD5C /* STACKVIEWSUITests.xctest */ = {isa = PBXFileReference; explicitFileType = wrapper.cfbundle; includeInIndex = 0; path = STACKVIEWSUITests.xctest; sourceTree = BUILT_PRODUCTS_DIR; };
		F9A30B7D27312C680092BD5C /* STACKVIEWSUITests.swift */ = {isa = PBXFileReference; lastKnownFileType = sourcecode.swift; path = STACKVIEWSUITests.swift; sourceTree = "<group>"; };
		F9A30B7F27312C680092BD5C /* STACKVIEWSUITestsLaunchTests.swift */ = {isa = PBXFileReference; lastKnownFileType = sourcecode.swift; path = STACKVIEWSUITestsLaunchTests.swift; sourceTree = "<group>"; };
/* End PBXFileReference section */

/* Begin PBXFrameworksBuildPhase section */
		F9A30B5627312C670092BD5C /* Frameworks */ = {
			isa = PBXFrameworksBuildPhase;
			buildActionMask = 2147483647;
			files = (
			);
			runOnlyForDeploymentPostprocessing = 0;
		};
		F9A30B6C27312C680092BD5C /* Frameworks */ = {
			isa = PBXFrameworksBuildPhase;
			buildActionMask = 2147483647;
			files = (
			);
			runOnlyForDeploymentPostprocessing = 0;
		};
		F9A30B7627312C680092BD5C /* Frameworks */ = {
			isa = PBXFrameworksBuildPhase;
			buildActionMask = 2147483647;
			files = (
			);
			runOnlyForDeploymentPostprocessing = 0;
		};
/* End PBXFrameworksBuildPhase section */

/* Begin PBXGroup section */
		F9A30B5027312C670092BD5C = {
			isa = PBXGroup;
			children = (
				F9A30B5B27312C670092BD5C /* STACKVIEWS */,
				F9A30B7227312C680092BD5C /* STACKVIEWSTests */,
				F9A30B7C27312C680092BD5C /* STACKVIEWSUITests */,
				F9A30B5A27312C670092BD5C /* Products */,
			);
			sourceTree = "<group>";
		};
		F9A30B5A27312C670092BD5C /* Products */ = {
			isa = PBXGroup;
			children = (
				F9A30B5927312C670092BD5C /* STACKVIEWS.app */,
				F9A30B6F27312C680092BD5C /* STACKVIEWSTests.xctest */,
				F9A30B7927312C680092BD5C /* STACKVIEWSUITests.xctest */,
			);
			name = Products;
			sourceTree = "<group>";
		};
		F9A30B5B27312C670092BD5C /* STACKVIEWS */ = {
			isa = PBXGroup;
			children = (
				F9A30B5C27312C670092BD5C /* AppDelegate.swift */,
				F9A30B5E27312C670092BD5C /* SceneDelegate.swift */,
				F9A30B6027312C670092BD5C /* ViewController.swift */,
				F9A30B6227312C670092BD5C /* Main.storyboard */,
				F9A30B6527312C680092BD5C /* Assets.xcassets */,
				F9A30B6727312C680092BD5C /* LaunchScreen.storyboard */,
				F9A30B6A27312C680092BD5C /* Info.plist */,
			);
			path = STACKVIEWS;
			sourceTree = "<group>";
		};
		F9A30B7227312C680092BD5C /* STACKVIEWSTests */ = {
			isa = PBXGroup;
			children = (
				F9A30B7327312C680092BD5C /* STACKVIEWSTests.swift */,
			);
			path = STACKVIEWSTests;
			sourceTree = "<group>";
		};
		F9A30B7C27312C680092BD5C /* STACKVIEWSUITests */ = {
			isa = PBXGroup;
			children = (
				F9A30B7D27312C680092BD5C /* STACKVIEWSUITests.swift */,
				F9A30B7F27312C680092BD5C /* STACKVIEWSUITestsLaunchTests.swift */,
			);
			path = STACKVIEWSUITests;
			sourceTree = "<group>";
		};
/* End PBXGroup section */

/* Begin PBXNativeTarget section */
		F9A30B5827312C670092BD5C /* STACKVIEWS */ = {
			isa = PBXNativeTarget;
			buildConfigurationList = F9A30B8327312C680092BD5C /* Build configuration list for PBXNativeTarget "STACKVIEWS" */;
			buildPhases = (
				F9A30B5527312C670092BD5C /* Sources */,
				F9A30B5627312C670092BD5C /* Frameworks */,
				F9A30B5727312C670092BD5C /* Resources */,
			);
			buildRules = (
			);
			dependencies = (
			);
			name = STACKVIEWS;
			productName = STACKVIEWS;
			productReference = F9A30B5927312C670092BD5C /* STACKVIEWS.app */;
			productType = "com.apple.product-type.application";
		};
		F9A30B6E27312C680092BD5C /* STACKVIEWSTests */ = {
			isa = PBXNativeTarget;
			buildConfigurationList = F9A30B8627312C680092BD5C /* Build configuration list for PBXNativeTarget "STACKVIEWSTests" */;
			buildPhases = (
				F9A30B6B27312C680092BD5C /* Sources */,
				F9A30B6C27312C680092BD5C /* Frameworks */,
				F9A30B6D27312C680092BD5C /* Resources */,
			);
			buildRules = (
			);
			dependencies = (
				F9A30B7127312C680092BD5C /* PBXTargetDependency */,
			);
			name = STACKVIEWSTests;
			productName = STACKVIEWSTests;
			productReference = F9A30B6F27312C680092BD5C /* STACKVIEWSTests.xctest */;
			productType = "com.apple.product-type.bundle.unit-test";
		};
		F9A30B7827312C680092BD5C /* STACKVIEWSUITests */ = {
			isa = PBXNativeTarget;
			buildConfigurationList = F9A30B8927312C680092BD5C /* Build configuration list for PBXNativeTarget "STACKVIEWSUITests" */;
			buildPhases = (
				F9A30B7527312C680092BD5C /* Sources */,
				F9A30B7627312C680092BD5C /* Frameworks */,
				F9A30B7727312C680092BD5C /* Resources */,
			);
			buildRules = (
			);
			dependencies = (
				F9A30B7B27312C680092BD5C /* PBXTargetDependency */,
			);
			name = STACKVIEWSUITests;
			productName = STACKVIEWSUITests;
			productReference = F9A30B7927312C680092BD5C /* STACKVIEWSUITests.xctest */;
			productType = "com.apple.product-type.bundle.ui-testing";
		};
/* End PBXNativeTarget section */

/* Begin PBXProject section */
		F9A30B5127312C670092BD5C /* Project object */ = {
			isa = PBXProject;
			attributes = {
				BuildIndependentTargetsInParallel = 1;
				LastSwiftUpdateCheck = 1310;
				LastUpgradeCheck = 1310;
				TargetAttributes = {
					F9A30B5827312C670092BD5C = {
						CreatedOnToolsVersion = 13.1;
					};
					F9A30B6E27312C680092BD5C = {
						CreatedOnToolsVersion = 13.1;
						TestTargetID = F9A30B5827312C670092BD5C;
					};
					F9A30B7827312C680092BD5C = {
						CreatedOnToolsVersion = 13.1;
						TestTargetID = F9A30B5827312C670092BD5C;
					};
				};
			};
			buildConfigurationList = F9A30B5427312C670092BD5C /* Build configuration list for PBXProject "STACKVIEWS" */;
			compatibilityVersion = "Xcode 13.0";
			developmentRegion = en;
			hasScannedForEncodings = 0;
			knownRegions = (
				en,
				Base,
			);
			mainGroup = F9A30B5027312C670092BD5C;
			productRefGroup = F9A30B5A27312C670092BD5C /* Products */;
			projectDirPath = "";
			projectRoot = "";
			targets = (
				F9A30B5827312C670092BD5C /* STACKVIEWS */,
				F9A30B6E27312C680092BD5C /* STACKVIEWSTests */,
				F9A30B7827312C680092BD5C /* STACKVIEWSUITests */,
			);
		};
/* End PBXProject section */

/* Begin PBXResourcesBuildPhase section */
		F9A30B5727312C670092BD5C /* Resources */ = {
			isa = PBXResourcesBuildPhase;
			buildActionMask = 2147483647;
			files = (
				F9A30B6927312C680092BD5C /* LaunchScreen.storyboard in Resources */,
				F9A30B6627312C680092BD5C /* Assets.xcassets in Resources */,
				F9A30B6427312C670092BD5C /* Main.storyboard in Resources */,
			);
			runOnlyForDeploymentPostprocessing = 0;
		};
		F9A30B6D27312C680092BD5C /* Resources */ = {
			isa = PBXResourcesBuildPhase;
			buildActionMask = 2147483647;
			files = (
			);
			runOnlyForDeploymentPostprocessing = 0;
		};
		F9A30B7727312C680092BD5C /* Resources */ = {
			isa = PBXResourcesBuildPhase;
			buildActionMask = 2147483647;
			files = (
			);
			runOnlyForDeploymentPostprocessing = 0;
		};
/* End PBXResourcesBuildPhase section */

/* Begin PBXSourcesBuildPhase section */
		F9A30B5527312C670092BD5C /* Sources */ = {
			isa = PBXSourcesBuildPhase;
			buildActionMask = 2147483647;
			files = (
				F9A30B6127312C670092BD5C /* ViewController.swift in Sources */,
				F9A30B5D27312C670092BD5C /* AppDelegate.swift in Sources */,
				F9A30B5F27312C670092BD5C /* SceneDelegate.swift in Sources */,
			);
			runOnlyForDeploymentPostprocessing = 0;
		};
		F9A30B6B27312C680092BD5C /* Sources */ = {
			isa = PBXSourcesBuildPhase;
			buildActionMask = 2147483647;
			files = (
				F9A30B7427312C680092BD5C /* STACKVIEWSTests.swift in Sources */,
			);
			runOnlyForDeploymentPostprocessing = 0;
		};
		F9A30B7527312C680092BD5C /* Sources */ = {
			isa = PBXSourcesBuildPhase;
			buildActionMask = 2147483647;
			files = (
				F9A30B8027312C680092BD5C /* STACKVIEWSUITestsLaunchTests.swift in Sources */,
				F9A30B7E27312C680092BD5C /* STACKVIEWSUITests.swift in Sources */,
			);
			runOnlyForDeploymentPostprocessing = 0;
		};
/* End PBXSourcesBuildPhase section */

/* Begin PBXTargetDependency section */
		F9A30B7127312C680092BD5C /* PBXTargetDependency */ = {
			isa = PBXTargetDependency;
			target = F9A30B5827312C670092BD5C /* STACKVIEWS */;
			targetProxy = F9A30B7027312C680092BD5C /* PBXContainerItemProxy */;
		};
		F9A30B7B27312C680092BD5C /* PBXTargetDependency */ = {
			isa = PBXTargetDependency;
			target = F9A30B5827312C670092BD5C /* STACKVIEWS */;
			targetProxy = F9A30B7A27312C680092BD5C /* PBXContainerItemProxy */;
		};
/* End PBXTargetDependency section */

/* Begin PBXVariantGroup section */
		F9A30B6227312C670092BD5C /* Main.storyboard */ = {
			isa = PBXVariantGroup;
			children = (
				F9A30B6327312C670092BD5C /* Base */,
			);
			name = Main.storyboard;
			sourceTree = "<group>";
		};
		F9A30B6727312C680092BD5C /* LaunchScreen.storyboard */ = {
			isa = PBXVariantGroup;
			children = (
				F9A30B6827312C680092BD5C /* Base */,
			);
			name = LaunchScreen.storyboard;
			sourceTree = "<group>";
		};
/* End PBXVariantGroup section */

/* Begin XCBuildConfiguration section */
		F9A30B8127312C680092BD5C /* Debug */ = {
			isa = XCBuildConfiguration;
			buildSettings = {
				ALWAYS_SEARCH_USER_PATHS = NO;
				CLANG_ANALYZER_NONNULL = YES;
				CLANG_ANALYZER_NUMBER_OBJECT_CONVERSION = YES_AGGRESSIVE;
				CLANG_CXX_LANGUAGE_STANDARD = "gnu++17";
				CLANG_CXX_LIBRARY = "libc++";
				CLANG_ENABLE_MODULES = YES;
				CLANG_ENABLE_OBJC_ARC = YES;
				CLANG_ENABLE_OBJC_WEAK = YES;
				CLANG_WARN_BLOCK_CAPTURE_AUTORELEASING = YES;
				CLANG_WARN_BOOL_CONVERSION = YES;
				CLANG_WARN_COMMA = YES;
				CLANG_WARN_CONSTANT_CONVERSION = YES;
				CLANG_WARN_DEPRECATED_OBJC_IMPLEMENTATIONS = YES;
				CLANG_WARN_DIRECT_OBJC_ISA_USAGE = YES_ERROR;
				CLANG_WARN_DOCUMENTATION_COMMENTS = YES;
				CLANG_WARN_EMPTY_BODY = YES;
				CLANG_WARN_ENUM_CONVERSION = YES;
				CLANG_WARN_INFINITE_RECURSION = YES;
				CLANG_WARN_INT_CONVERSION = YES;
				CLANG_WARN_NON_LITERAL_NULL_CONVERSION = YES;
				CLANG_WARN_OBJC_IMPLICIT_RETAIN_SELF = YES;
				CLANG_WARN_OBJC_LITERAL_CONVERSION = YES;
				CLANG_WARN_OBJC_ROOT_CLASS = YES_ERROR;
				CLANG_WARN_QUOTED_INCLUDE_IN_FRAMEWORK_HEADER = YES;
				CLANG_WARN_RANGE_LOOP_ANALYSIS = YES;
				CLANG_WARN_STRICT_PROTOTYPES = YES;
				CLANG_WARN_SUSPICIOUS_MOVE = YES;
				CLANG_WARN_UNGUARDED_AVAILABILITY = YES_AGGRESSIVE;
				CLANG_WARN_UNREACHABLE_CODE = YES;
				CLANG_WARN__DUPLICATE_METHOD_MATCH = YES;
				COPY_PHASE_STRIP = NO;
				DEBUG_INFORMATION_FORMAT = dwarf;
				ENABLE_STRICT_OBJC_MSGSEND = YES;
				ENABLE_TESTABILITY = YES;
				GCC_C_LANGUAGE_STANDARD = gnu11;
				GCC_DYNAMIC_NO_PIC = NO;
				GCC_NO_COMMON_BLOCKS = YES;
				GCC_OPTIMIZATION_LEVEL = 0;
				GCC_PREPROCESSOR_DEFINITIONS = (
					"DEBUG=1",
					"$(inherited)",
				);
				GCC_WARN_64_TO_32_BIT_CONVERSION = YES;
				GCC_WARN_ABOUT_RETURN_TYPE = YES_ERROR;
				GCC_WARN_UNDECLARED_SELECTOR = YES;
				GCC_WARN_UNINITIALIZED_AUTOS = YES_AGGRESSIVE;
				GCC_WARN_UNUSED_FUNCTION = YES;
				GCC_WARN_UNUSED_VARIABLE = YES;
				IPHONEOS_DEPLOYMENT_TARGET = 15.0;
				MTL_ENABLE_DEBUG_INFO = INCLUDE_SOURCE;
				MTL_FAST_MATH = YES;
				ONLY_ACTIVE_ARCH = YES;
				SDKROOT = iphoneos;
				SWIFT_ACTIVE_COMPILATION_CONDITIONS = DEBUG;
				SWIFT_OPTIMIZATION_LEVEL = "-Onone";
			};
			name = Debug;
		};
		F9A30B8227312C680092BD5C /* Release */ = {
			isa = XCBuildConfiguration;
			buildSettings = {
				ALWAYS_SEARCH_USER_PATHS = NO;
				CLANG_ANALYZER_NONNULL = YES;
				CLANG_ANALYZER_NUMBER_OBJECT_CONVERSION = YES_AGGRESSIVE;
				CLANG_CXX_LANGUAGE_STANDARD = "gnu++17";
				CLANG_CXX_LIBRARY = "libc++";
				CLANG_ENABLE_MODULES = YES;
				CLANG_ENABLE_OBJC_ARC = YES;
				CLANG_ENABLE_OBJC_WEAK = YES;
				CLANG_WARN_BLOCK_CAPTURE_AUTORELEASING = YES;
				CLANG_WARN_BOOL_CONVERSION = YES;
				CLANG_WARN_COMMA = YES;
				CLANG_WARN_CONSTANT_CONVERSION = YES;
				CLANG_WARN_DEPRECATED_OBJC_IMPLEMENTATIONS = YES;
				CLANG_WARN_DIRECT_OBJC_ISA_USAGE = YES_ERROR;
				CLANG_WARN_DOCUMENTATION_COMMENTS = YES;
				CLANG_WARN_EMPTY_BODY = YES;
				CLANG_WARN_ENUM_CONVERSION = YES;
				CLANG_WARN_INFINITE_RECURSION = YES;
				CLANG_WARN_INT_CONVERSION = YES;
				CLANG_WARN_NON_LITERAL_NULL_CONVERSION = YES;
				CLANG_WARN_OBJC_IMPLICIT_RETAIN_SELF = YES;
				CLANG_WARN_OBJC_LITERAL_CONVERSION = YES;
				CLANG_WARN_OBJC_ROOT_CLASS = YES_ERROR;
				CLANG_WARN_QUOTED_INCLUDE_IN_FRAMEWORK_HEADER = YES;
				CLANG_WARN_RANGE_LOOP_ANALYSIS = YES;
				CLANG_WARN_STRICT_PROTOTYPES = YES;
				CLANG_WARN_SUSPICIOUS_MOVE = YES;
				CLANG_WARN_UNGUARDED_AVAILABILITY = YES_AGGRESSIVE;
				CLANG_WARN_UNREACHABLE_CODE = YES;
				CLANG_WARN__DUPLICATE_METHOD_MATCH = YES;
				COPY_PHASE_STRIP = NO;
				DEBUG_INFORMATION_FORMAT = "dwarf-with-dsym";
				ENABLE_NS_ASSERTIONS = NO;
				ENABLE_STRICT_OBJC_MSGSEND = YES;
				GCC_C_LANGUAGE_STANDARD = gnu11;
				GCC_NO_COMMON_BLOCKS = YES;
				GCC_WARN_64_TO_32_BIT_CONVERSION = YES;
				GCC_WARN_ABOUT_RETURN_TYPE = YES_ERROR;
				GCC_WARN_UNDECLARED_SELECTOR = YES;
				GCC_WARN_UNINITIALIZED_AUTOS = YES_AGGRESSIVE;
				GCC_WARN_UNUSED_FUNCTION = YES;
				GCC_WARN_UNUSED_VARIABLE = YES;
				IPHONEOS_DEPLOYMENT_TARGET = 15.0;
				MTL_ENABLE_DEBUG_INFO = NO;
				MTL_FAST_MATH = YES;
				SDKROOT = iphoneos;
				SWIFT_COMPILATION_MODE = wholemodule;
				SWIFT_OPTIMIZATION_LEVEL = "-O";
				VALIDATE_PRODUCT = YES;
			};
			name = Release;
		};
		F9A30B8427312C680092BD5C /* Debug */ = {
			isa = XCBuildConfiguration;
			buildSettings = {
				ASSETCATALOG_COMPILER_APPICON_NAME = AppIcon;
				ASSETCATALOG_COMPILER_GLOBAL_ACCENT_COLOR_NAME = AccentColor;
				CODE_SIGN_STYLE = Automatic;
				CURRENT_PROJECT_VERSION = 1;
				GENERATE_INFOPLIST_FILE = YES;
				INFOPLIST_FILE = STACKVIEWS/Info.plist;
				INFOPLIST_KEY_UIApplicationSupportsIndirectInputEvents = YES;
				INFOPLIST_KEY_UILaunchStoryboardName = LaunchScreen;
				INFOPLIST_KEY_UIMainStoryboardFile = Main;
				INFOPLIST_KEY_UISupportedInterfaceOrientations_iPad = "UIInterfaceOrientationPortrait UIInterfaceOrientationPortraitUpsideDown UIInterfaceOrientationLandscapeLeft UIInterfaceOrientationLandscapeRight";
				INFOPLIST_KEY_UISupportedInterfaceOrientations_iPhone = "UIInterfaceOrientationPortrait UIInterfaceOrientationLandscapeLeft UIInterfaceOrientationLandscapeRight";
				LD_RUNPATH_SEARCH_PATHS = (
					"$(inherited)",
					"@executable_path/Frameworks",
				);
				MARKETING_VERSION = 1.0;
				PRODUCT_BUNDLE_IDENTIFIER = com.google.STACKVIEWS;
				PRODUCT_NAME = "$(TARGET_NAME)";
				SWIFT_EMIT_LOC_STRINGS = YES;
				SWIFT_VERSION = 5.0;
				TARGETED_DEVICE_FAMILY = "1,2";
			};
			name = Debug;
		};
		F9A30B8527312C680092BD5C /* Release */ = {
			isa = XCBuildConfiguration;
			buildSettings = {
				ASSETCATALOG_COMPILER_APPICON_NAME = AppIcon;
				ASSETCATALOG_COMPILER_GLOBAL_ACCENT_COLOR_NAME = AccentColor;
				CODE_SIGN_STYLE = Automatic;
				CURRENT_PROJECT_VERSION = 1;
				GENERATE_INFOPLIST_FILE = YES;
				INFOPLIST_FILE = STACKVIEWS/Info.plist;
				INFOPLIST_KEY_UIApplicationSupportsIndirectInputEvents = YES;
				INFOPLIST_KEY_UILaunchStoryboardName = LaunchScreen;
				INFOPLIST_KEY_UIMainStoryboardFile = Main;
				INFOPLIST_KEY_UISupportedInterfaceOrientations_iPad = "UIInterfaceOrientationPortrait UIInterfaceOrientationPortraitUpsideDown UIInterfaceOrientationLandscapeLeft UIInterfaceOrientationLandscapeRight";
				INFOPLIST_KEY_UISupportedInterfaceOrientations_iPhone = "UIInterfaceOrientationPortrait UIInterfaceOrientationLandscapeLeft UIInterfaceOrientationLandscapeRight";
				LD_RUNPATH_SEARCH_PATHS = (
					"$(inherited)",
					"@executable_path/Frameworks",
				);
				MARKETING_VERSION = 1.0;
				PRODUCT_BUNDLE_IDENTIFIER = com.google.STACKVIEWS;
				PRODUCT_NAME = "$(TARGET_NAME)";
				SWIFT_EMIT_LOC_STRINGS = YES;
				SWIFT_VERSION = 5.0;
				TARGETED_DEVICE_FAMILY = "1,2";
			};
			name = Release;
		};
		F9A30B8727312C680092BD5C /* Debug */ = {
			isa = XCBuildConfiguration;
			buildSettings = {
				ALWAYS_EMBED_SWIFT_STANDARD_LIBRARIES = YES;
				BUNDLE_LOADER = "$(TEST_HOST)";
				CODE_SIGN_STYLE = Automatic;
				CURRENT_PROJECT_VERSION = 1;
				GENERATE_INFOPLIST_FILE = YES;
				IPHONEOS_DEPLOYMENT_TARGET = 15.0;
				LD_RUNPATH_SEARCH_PATHS = (
					"$(inherited)",
					"@executable_path/Frameworks",
					"@loader_path/Frameworks",
				);
				MARKETING_VERSION = 1.0;
				PRODUCT_BUNDLE_IDENTIFIER = com.google.STACKVIEWSTests;
				PRODUCT_NAME = "$(TARGET_NAME)";
				SWIFT_EMIT_LOC_STRINGS = NO;
				SWIFT_VERSION = 5.0;
				TARGETED_DEVICE_FAMILY = "1,2";
				TEST_HOST = "$(BUILT_PRODUCTS_DIR)/STACKVIEWS.app/STACKVIEWS";
			};
			name = Debug;
		};
		F9A30B8827312C680092BD5C /* Release */ = {
			isa = XCBuildConfiguration;
			buildSettings = {
				ALWAYS_EMBED_SWIFT_STANDARD_LIBRARIES = YES;
				BUNDLE_LOADER = "$(TEST_HOST)";
				CODE_SIGN_STYLE = Automatic;
				CURRENT_PROJECT_VERSION = 1;
				GENERATE_INFOPLIST_FILE = YES;
				IPHONEOS_DEPLOYMENT_TARGET = 15.0;
				LD_RUNPATH_SEARCH_PATHS = (
					"$(inherited)",
					"@executable_path/Frameworks",
					"@loader_path/Frameworks",
				);
				MARKETING_VERSION = 1.0;
				PRODUCT_BUNDLE_IDENTIFIER = com.google.STACKVIEWSTests;
				PRODUCT_NAME = "$(TARGET_NAME)";
				SWIFT_EMIT_LOC_STRINGS = NO;
				SWIFT_VERSION = 5.0;
				TARGETED_DEVICE_FAMILY = "1,2";
				TEST_HOST = "$(BUILT_PRODUCTS_DIR)/STACKVIEWS.app/STACKVIEWS";
			};
			name = Release;
		};
		F9A30B8A27312C680092BD5C /* Debug */ = {
			isa = XCBuildConfiguration;
			buildSettings = {
				ALWAYS_EMBED_SWIFT_STANDARD_LIBRARIES = YES;
				CODE_SIGN_STYLE = Automatic;
				CURRENT_PROJECT_VERSION = 1;
				GENERATE_INFOPLIST_FILE = YES;
				LD_RUNPATH_SEARCH_PATHS = (
					"$(inherited)",
					"@executable_path/Frameworks",
					"@loader_path/Frameworks",
				);
				MARKETING_VERSION = 1.0;
				PRODUCT_BUNDLE_IDENTIFIER = com.google.STACKVIEWSUITests;
				PRODUCT_NAME = "$(TARGET_NAME)";
				SWIFT_EMIT_LOC_STRINGS = NO;
				SWIFT_VERSION = 5.0;
				TARGETED_DEVICE_FAMILY = "1,2";
				TEST_TARGET_NAME = STACKVIEWS;
			};
			name = Debug;
		};
		F9A30B8B27312C680092BD5C /* Release */ = {
			isa = XCBuildConfiguration;
			buildSettings = {
				ALWAYS_EMBED_SWIFT_STANDARD_LIBRARIES = YES;
				CODE_SIGN_STYLE = Automatic;
				CURRENT_PROJECT_VERSION = 1;
				GENERATE_INFOPLIST_FILE = YES;
				LD_RUNPATH_SEARCH_PATHS = (
					"$(inherited)",
					"@executable_path/Frameworks",
					"@loader_path/Frameworks",
				);
				MARKETING_VERSION = 1.0;
				PRODUCT_BUNDLE_IDENTIFIER = com.google.STACKVIEWSUITests;
				PRODUCT_NAME = "$(TARGET_NAME)";
				SWIFT_EMIT_LOC_STRINGS = NO;
				SWIFT_VERSION = 5.0;
				TARGETED_DEVICE_FAMILY = "1,2";
				TEST_TARGET_NAME = STACKVIEWS;
			};
			name = Release;
		};
/* End XCBuildConfiguration section */

/* Begin XCConfigurationList section */
		F9A30B5427312C670092BD5C /* Build configuration list for PBXProject "STACKVIEWS" */ = {
			isa = XCConfigurationList;
			buildConfigurations = (
				F9A30B8127312C680092BD5C /* Debug */,
				F9A30B8227312C680092BD5C /* Release */,
			);
			defaultConfigurationIsVisible = 0;
			defaultConfigurationName = Release;
		};
		F9A30B8327312C680092BD5C /* Build configuration list for PBXNativeTarget "STACKVIEWS" */ = {
			isa = XCConfigurationList;
			buildConfigurations = (
				F9A30B8427312C680092BD5C /* Debug */,
				F9A30B8527312C680092BD5C /* Release */,
			);
			defaultConfigurationIsVisible = 0;
			defaultConfigurationName = Release;
		};
		F9A30B8627312C680092BD5C /* Build configuration list for PBXNativeTarget "STACKVIEWSTests" */ = {
			isa = XCConfigurationList;
			buildConfigurations = (
				F9A30B8727312C680092BD5C /* Debug */,
				F9A30B8827312C680092BD5C /* Release */,
			);
			defaultConfigurationIsVisible = 0;
			defaultConfigurationName = Release;
		};
		F9A30B8927312C680092BD5C /* Build configuration list for PBXNativeTarget "STACKVIEWSUITests" */ = {
			isa = XCConfigurationList;
			buildConfigurations = (
				F9A30B8A27312C680092BD5C /* Debug */,
				F9A30B8B27312C680092BD5C /* Release */,
			);
			defaultConfigurationIsVisible = 0;
			defaultConfigurationName = Release;
		};
/* End XCConfigurationList section */
	};
	rootObject = F9A30B5127312C670092BD5C /* Project object */;
}
