// !$*UTF8*$!
{
	archiveVersion = 1;
	classes = {
	};
	objectVersion = 55;
	objects = {

/* Begin PBXBuildFile section */
		9DBA3DFF27312C7200E70488 /* AppDelegate.swift in Sources */ = {isa = PBXBuildFile; fileRef = 9DBA3DFE27312C7200E70488 /* AppDelegate.swift */; };
		9DBA3E0127312C7200E70488 /* SceneDelegate.swift in Sources */ = {isa = PBXBuildFile; fileRef = 9DBA3E0027312C7200E70488 /* SceneDelegate.swift */; };
		9DBA3E0327312C7200E70488 /* ViewController.swift in Sources */ = {isa = PBXBuildFile; fileRef = 9DBA3E0227312C7200E70488 /* ViewController.swift */; };
		9DBA3E0627312C7200E70488 /* Main.storyboard in Resources */ = {isa = PBXBuildFile; fileRef = 9DBA3E0427312C7200E70488 /* Main.storyboard */; };
		9DBA3E0827312C7300E70488 /* Assets.xcassets in Resources */ = {isa = PBXBuildFile; fileRef = 9DBA3E0727312C7300E70488 /* Assets.xcassets */; };
		9DBA3E0B27312C7300E70488 /* LaunchScreen.storyboard in Resources */ = {isa = PBXBuildFile; fileRef = 9DBA3E0927312C7300E70488 /* LaunchScreen.storyboard */; };
		9DBA3E1627312C7300E70488 /* Stack_Views_lapTests.swift in Sources */ = {isa = PBXBuildFile; fileRef = 9DBA3E1527312C7300E70488 /* Stack_Views_lapTests.swift */; };
		9DBA3E2027312C7300E70488 /* Stack_Views_lapUITests.swift in Sources */ = {isa = PBXBuildFile; fileRef = 9DBA3E1F27312C7300E70488 /* Stack_Views_lapUITests.swift */; };
		9DBA3E2227312C7300E70488 /* Stack_Views_lapUITestsLaunchTests.swift in Sources */ = {isa = PBXBuildFile; fileRef = 9DBA3E2127312C7300E70488 /* Stack_Views_lapUITestsLaunchTests.swift */; };
/* End PBXBuildFile section */

/* Begin PBXContainerItemProxy section */
		9DBA3E1227312C7300E70488 /* PBXContainerItemProxy */ = {
			isa = PBXContainerItemProxy;
			containerPortal = 9DBA3DF327312C7200E70488 /* Project object */;
			proxyType = 1;
			remoteGlobalIDString = 9DBA3DFA27312C7200E70488;
			remoteInfo = "Stack Views lap";
		};
		9DBA3E1C27312C7300E70488 /* PBXContainerItemProxy */ = {
			isa = PBXContainerItemProxy;
			containerPortal = 9DBA3DF327312C7200E70488 /* Project object */;
			proxyType = 1;
			remoteGlobalIDString = 9DBA3DFA27312C7200E70488;
			remoteInfo = "Stack Views lap";
		};
/* End PBXContainerItemProxy section */

/* Begin PBXFileReference section */
		9DBA3DFB27312C7200E70488 /* Stack Views lap.app */ = {isa = PBXFileReference; explicitFileType = wrapper.application; includeInIndex = 0; path = "Stack Views lap.app"; sourceTree = BUILT_PRODUCTS_DIR; };
		9DBA3DFE27312C7200E70488 /* AppDelegate.swift */ = {isa = PBXFileReference; lastKnownFileType = sourcecode.swift; path = AppDelegate.swift; sourceTree = "<group>"; };
		9DBA3E0027312C7200E70488 /* SceneDelegate.swift */ = {isa = PBXFileReference; lastKnownFileType = sourcecode.swift; path = SceneDelegate.swift; sourceTree = "<group>"; };
		9DBA3E0227312C7200E70488 /* ViewController.swift */ = {isa = PBXFileReference; lastKnownFileType = sourcecode.swift; path = ViewController.swift; sourceTree = "<group>"; };
		9DBA3E0527312C7200E70488 /* Base */ = {isa = PBXFileReference; lastKnownFileType = file.storyboard; name = Base; path = Base.lproj/Main.storyboard; sourceTree = "<group>"; };
		9DBA3E0727312C7300E70488 /* Assets.xcassets */ = {isa = PBXFileReference; lastKnownFileType = folder.assetcatalog; path = Assets.xcassets; sourceTree = "<group>"; };
		9DBA3E0A27312C7300E70488 /* Base */ = {isa = PBXFileReference; lastKnownFileType = file.storyboard; name = Base; path = Base.lproj/LaunchScreen.storyboard; sourceTree = "<group>"; };
		9DBA3E0C27312C7300E70488 /* Info.plist */ = {isa = PBXFileReference; lastKnownFileType = text.plist.xml; path = Info.plist; sourceTree = "<group>"; };
		9DBA3E1127312C7300E70488 /* Stack Views lapTests.xctest */ = {isa = PBXFileReference; explicitFileType = wrapper.cfbundle; includeInIndex = 0; path = "Stack Views lapTests.xctest"; sourceTree = BUILT_PRODUCTS_DIR; };
		9DBA3E1527312C7300E70488 /* Stack_Views_lapTests.swift */ = {isa = PBXFileReference; lastKnownFileType = sourcecode.swift; path = Stack_Views_lapTests.swift; sourceTree = "<group>"; };
		9DBA3E1B27312C7300E70488 /* Stack Views lapUITests.xctest */ = {isa = PBXFileReference; explicitFileType = wrapper.cfbundle; includeInIndex = 0; path = "Stack Views lapUITests.xctest"; sourceTree = BUILT_PRODUCTS_DIR; };
		9DBA3E1F27312C7300E70488 /* Stack_Views_lapUITests.swift */ = {isa = PBXFileReference; lastKnownFileType = sourcecode.swift; path = Stack_Views_lapUITests.swift; sourceTree = "<group>"; };
		9DBA3E2127312C7300E70488 /* Stack_Views_lapUITestsLaunchTests.swift */ = {isa = PBXFileReference; lastKnownFileType = sourcecode.swift; path = Stack_Views_lapUITestsLaunchTests.swift; sourceTree = "<group>"; };
/* End PBXFileReference section */

/* Begin PBXFrameworksBuildPhase section */
		9DBA3DF827312C7200E70488 /* Frameworks */ = {
			isa = PBXFrameworksBuildPhase;
			buildActionMask = 2147483647;
			files = (
			);
			runOnlyForDeploymentPostprocessing = 0;
		};
		9DBA3E0E27312C7300E70488 /* Frameworks */ = {
			isa = PBXFrameworksBuildPhase;
			buildActionMask = 2147483647;
			files = (
			);
			runOnlyForDeploymentPostprocessing = 0;
		};
		9DBA3E1827312C7300E70488 /* Frameworks */ = {
			isa = PBXFrameworksBuildPhase;
			buildActionMask = 2147483647;
			files = (
			);
			runOnlyForDeploymentPostprocessing = 0;
		};
/* End PBXFrameworksBuildPhase section */

/* Begin PBXGroup section */
		9DBA3DF227312C7200E70488 = {
			isa = PBXGroup;
			children = (
				9DBA3DFD27312C7200E70488 /* Stack Views lap */,
				9DBA3E1427312C7300E70488 /* Stack Views lapTests */,
				9DBA3E1E27312C7300E70488 /* Stack Views lapUITests */,
				9DBA3DFC27312C7200E70488 /* Products */,
			);
			sourceTree = "<group>";
		};
		9DBA3DFC27312C7200E70488 /* Products */ = {
			isa = PBXGroup;
			children = (
				9DBA3DFB27312C7200E70488 /* Stack Views lap.app */,
				9DBA3E1127312C7300E70488 /* Stack Views lapTests.xctest */,
				9DBA3E1B27312C7300E70488 /* Stack Views lapUITests.xctest */,
			);
			name = Products;
			sourceTree = "<group>";
		};
		9DBA3DFD27312C7200E70488 /* Stack Views lap */ = {
			isa = PBXGroup;
			children = (
				9DBA3DFE27312C7200E70488 /* AppDelegate.swift */,
				9DBA3E0027312C7200E70488 /* SceneDelegate.swift */,
				9DBA3E0227312C7200E70488 /* ViewController.swift */,
				9DBA3E0427312C7200E70488 /* Main.storyboard */,
				9DBA3E0727312C7300E70488 /* Assets.xcassets */,
				9DBA3E0927312C7300E70488 /* LaunchScreen.storyboard */,
				9DBA3E0C27312C7300E70488 /* Info.plist */,
			);
			path = "Stack Views lap";
			sourceTree = "<group>";
		};
		9DBA3E1427312C7300E70488 /* Stack Views lapTests */ = {
			isa = PBXGroup;
			children = (
				9DBA3E1527312C7300E70488 /* Stack_Views_lapTests.swift */,
			);
			path = "Stack Views lapTests";
			sourceTree = "<group>";
		};
		9DBA3E1E27312C7300E70488 /* Stack Views lapUITests */ = {
			isa = PBXGroup;
			children = (
				9DBA3E1F27312C7300E70488 /* Stack_Views_lapUITests.swift */,
				9DBA3E2127312C7300E70488 /* Stack_Views_lapUITestsLaunchTests.swift */,
			);
			path = "Stack Views lapUITests";
			sourceTree = "<group>";
		};
/* End PBXGroup section */

/* Begin PBXNativeTarget section */
		9DBA3DFA27312C7200E70488 /* Stack Views lap */ = {
			isa = PBXNativeTarget;
			buildConfigurationList = 9DBA3E2527312C7300E70488 /* Build configuration list for PBXNativeTarget "Stack Views lap" */;
			buildPhases = (
				9DBA3DF727312C7200E70488 /* Sources */,
				9DBA3DF827312C7200E70488 /* Frameworks */,
				9DBA3DF927312C7200E70488 /* Resources */,
			);
			buildRules = (
			);
			dependencies = (
			);
			name = "Stack Views lap";
			productName = "Stack Views lap";
			productReference = 9DBA3DFB27312C7200E70488 /* Stack Views lap.app */;
			productType = "com.apple.product-type.application";
		};
		9DBA3E1027312C7300E70488 /* Stack Views lapTests */ = {
			isa = PBXNativeTarget;
			buildConfigurationList = 9DBA3E2827312C7300E70488 /* Build configuration list for PBXNativeTarget "Stack Views lapTests" */;
			buildPhases = (
				9DBA3E0D27312C7300E70488 /* Sources */,
				9DBA3E0E27312C7300E70488 /* Frameworks */,
				9DBA3E0F27312C7300E70488 /* Resources */,
			);
			buildRules = (
			);
			dependencies = (
				9DBA3E1327312C7300E70488 /* PBXTargetDependency */,
			);
			name = "Stack Views lapTests";
			productName = "Stack Views lapTests";
			productReference = 9DBA3E1127312C7300E70488 /* Stack Views lapTests.xctest */;
			productType = "com.apple.product-type.bundle.unit-test";
		};
		9DBA3E1A27312C7300E70488 /* Stack Views lapUITests */ = {
			isa = PBXNativeTarget;
			buildConfigurationList = 9DBA3E2B27312C7300E70488 /* Build configuration list for PBXNativeTarget "Stack Views lapUITests" */;
			buildPhases = (
				9DBA3E1727312C7300E70488 /* Sources */,
				9DBA3E1827312C7300E70488 /* Frameworks */,
				9DBA3E1927312C7300E70488 /* Resources */,
			);
			buildRules = (
			);
			dependencies = (
				9DBA3E1D27312C7300E70488 /* PBXTargetDependency */,
			);
			name = "Stack Views lapUITests";
			productName = "Stack Views lapUITests";
			productReference = 9DBA3E1B27312C7300E70488 /* Stack Views lapUITests.xctest */;
			productType = "com.apple.product-type.bundle.ui-testing";
		};
/* End PBXNativeTarget section */

/* Begin PBXProject section */
		9DBA3DF327312C7200E70488 /* Project object */ = {
			isa = PBXProject;
			attributes = {
				BuildIndependentTargetsInParallel = 1;
				LastSwiftUpdateCheck = 1310;
				LastUpgradeCheck = 1310;
				TargetAttributes = {
					9DBA3DFA27312C7200E70488 = {
						CreatedOnToolsVersion = 13.1;
					};
					9DBA3E1027312C7300E70488 = {
						CreatedOnToolsVersion = 13.1;
						TestTargetID = 9DBA3DFA27312C7200E70488;
					};
					9DBA3E1A27312C7300E70488 = {
						CreatedOnToolsVersion = 13.1;
						TestTargetID = 9DBA3DFA27312C7200E70488;
					};
				};
			};
			buildConfigurationList = 9DBA3DF627312C7200E70488 /* Build configuration list for PBXProject "Stack Views lap" */;
			compatibilityVersion = "Xcode 13.0";
			developmentRegion = en;
			hasScannedForEncodings = 0;
			knownRegions = (
				en,
				Base,
			);
			mainGroup = 9DBA3DF227312C7200E70488;
			productRefGroup = 9DBA3DFC27312C7200E70488 /* Products */;
			projectDirPath = "";
			projectRoot = "";
			targets = (
				9DBA3DFA27312C7200E70488 /* Stack Views lap */,
				9DBA3E1027312C7300E70488 /* Stack Views lapTests */,
				9DBA3E1A27312C7300E70488 /* Stack Views lapUITests */,
			);
		};
/* End PBXProject section */

/* Begin PBXResourcesBuildPhase section */
		9DBA3DF927312C7200E70488 /* Resources */ = {
			isa = PBXResourcesBuildPhase;
			buildActionMask = 2147483647;
			files = (
				9DBA3E0B27312C7300E70488 /* LaunchScreen.storyboard in Resources */,
				9DBA3E0827312C7300E70488 /* Assets.xcassets in Resources */,
				9DBA3E0627312C7200E70488 /* Main.storyboard in Resources */,
			);
			runOnlyForDeploymentPostprocessing = 0;
		};
		9DBA3E0F27312C7300E70488 /* Resources */ = {
			isa = PBXResourcesBuildPhase;
			buildActionMask = 2147483647;
			files = (
			);
			runOnlyForDeploymentPostprocessing = 0;
		};
		9DBA3E1927312C7300E70488 /* Resources */ = {
			isa = PBXResourcesBuildPhase;
			buildActionMask = 2147483647;
			files = (
			);
			runOnlyForDeploymentPostprocessing = 0;
		};
/* End PBXResourcesBuildPhase section */

/* Begin PBXSourcesBuildPhase section */
		9DBA3DF727312C7200E70488 /* Sources */ = {
			isa = PBXSourcesBuildPhase;
			buildActionMask = 2147483647;
			files = (
				9DBA3E0327312C7200E70488 /* ViewController.swift in Sources */,
				9DBA3DFF27312C7200E70488 /* AppDelegate.swift in Sources */,
				9DBA3E0127312C7200E70488 /* SceneDelegate.swift in Sources */,
			);
			runOnlyForDeploymentPostprocessing = 0;
		};
		9DBA3E0D27312C7300E70488 /* Sources */ = {
			isa = PBXSourcesBuildPhase;
			buildActionMask = 2147483647;
			files = (
				9DBA3E1627312C7300E70488 /* Stack_Views_lapTests.swift in Sources */,
			);
			runOnlyForDeploymentPostprocessing = 0;
		};
		9DBA3E1727312C7300E70488 /* Sources */ = {
			isa = PBXSourcesBuildPhase;
			buildActionMask = 2147483647;
			files = (
				9DBA3E2227312C7300E70488 /* Stack_Views_lapUITestsLaunchTests.swift in Sources */,
				9DBA3E2027312C7300E70488 /* Stack_Views_lapUITests.swift in Sources */,
			);
			runOnlyForDeploymentPostprocessing = 0;
		};
/* End PBXSourcesBuildPhase section */

/* Begin PBXTargetDependency section */
		9DBA3E1327312C7300E70488 /* PBXTargetDependency */ = {
			isa = PBXTargetDependency;
			target = 9DBA3DFA27312C7200E70488 /* Stack Views lap */;
			targetProxy = 9DBA3E1227312C7300E70488 /* PBXContainerItemProxy */;
		};
		9DBA3E1D27312C7300E70488 /* PBXTargetDependency */ = {
			isa = PBXTargetDependency;
			target = 9DBA3DFA27312C7200E70488 /* Stack Views lap */;
			targetProxy = 9DBA3E1C27312C7300E70488 /* PBXContainerItemProxy */;
		};
/* End PBXTargetDependency section */

/* Begin PBXVariantGroup section */
		9DBA3E0427312C7200E70488 /* Main.storyboard */ = {
			isa = PBXVariantGroup;
			children = (
				9DBA3E0527312C7200E70488 /* Base */,
			);
			name = Main.storyboard;
			sourceTree = "<group>";
		};
		9DBA3E0927312C7300E70488 /* LaunchScreen.storyboard */ = {
			isa = PBXVariantGroup;
			children = (
				9DBA3E0A27312C7300E70488 /* Base */,
			);
			name = LaunchScreen.storyboard;
			sourceTree = "<group>";
		};
/* End PBXVariantGroup section */

/* Begin XCBuildConfiguration section */
		9DBA3E2327312C7300E70488 /* Debug */ = {
			isa = XCBuildConfiguration;
			buildSettings = {
				ALWAYS_SEARCH_USER_PATHS = NO;
				CLANG_ANALYZER_NONNULL = YES;
				CLANG_ANALYZER_NUMBER_OBJECT_CONVERSION = YES_AGGRESSIVE;
				CLANG_CXX_LANGUAGE_STANDARD = "gnu++17";
				CLANG_CXX_LIBRARY = "libc++";
				CLANG_ENABLE_MODULES = YES;
				CLANG_ENABLE_OBJC_ARC = YES;
				CLANG_ENABLE_OBJC_WEAK = YES;
				CLANG_WARN_BLOCK_CAPTURE_AUTORELEASING = YES;
				CLANG_WARN_BOOL_CONVERSION = YES;
				CLANG_WARN_COMMA = YES;
				CLANG_WARN_CONSTANT_CONVERSION = YES;
				CLANG_WARN_DEPRECATED_OBJC_IMPLEMENTATIONS = YES;
				CLANG_WARN_DIRECT_OBJC_ISA_USAGE = YES_ERROR;
				CLANG_WARN_DOCUMENTATION_COMMENTS = YES;
				CLANG_WARN_EMPTY_BODY = YES;
				CLANG_WARN_ENUM_CONVERSION = YES;
				CLANG_WARN_INFINITE_RECURSION = YES;
				CLANG_WARN_INT_CONVERSION = YES;
				CLANG_WARN_NON_LITERAL_NULL_CONVERSION = YES;
				CLANG_WARN_OBJC_IMPLICIT_RETAIN_SELF = YES;
				CLANG_WARN_OBJC_LITERAL_CONVERSION = YES;
				CLANG_WARN_OBJC_ROOT_CLASS = YES_ERROR;
				CLANG_WARN_QUOTED_INCLUDE_IN_FRAMEWORK_HEADER = YES;
				CLANG_WARN_RANGE_LOOP_ANALYSIS = YES;
				CLANG_WARN_STRICT_PROTOTYPES = YES;
				CLANG_WARN_SUSPICIOUS_MOVE = YES;
				CLANG_WARN_UNGUARDED_AVAILABILITY = YES_AGGRESSIVE;
				CLANG_WARN_UNREACHABLE_CODE = YES;
				CLANG_WARN__DUPLICATE_METHOD_MATCH = YES;
				COPY_PHASE_STRIP = NO;
				DEBUG_INFORMATION_FORMAT = dwarf;
				ENABLE_STRICT_OBJC_MSGSEND = YES;
				ENABLE_TESTABILITY = YES;
				GCC_C_LANGUAGE_STANDARD = gnu11;
				GCC_DYNAMIC_NO_PIC = NO;
				GCC_NO_COMMON_BLOCKS = YES;
				GCC_OPTIMIZATION_LEVEL = 0;
				GCC_PREPROCESSOR_DEFINITIONS = (
					"DEBUG=1",
					"$(inherited)",
				);
				GCC_WARN_64_TO_32_BIT_CONVERSION = YES;
				GCC_WARN_ABOUT_RETURN_TYPE = YES_ERROR;
				GCC_WARN_UNDECLARED_SELECTOR = YES;
				GCC_WARN_UNINITIALIZED_AUTOS = YES_AGGRESSIVE;
				GCC_WARN_UNUSED_FUNCTION = YES;
				GCC_WARN_UNUSED_VARIABLE = YES;
				IPHONEOS_DEPLOYMENT_TARGET = 15.0;
				MTL_ENABLE_DEBUG_INFO = INCLUDE_SOURCE;
				MTL_FAST_MATH = YES;
				ONLY_ACTIVE_ARCH = YES;
				SDKROOT = iphoneos;
				SWIFT_ACTIVE_COMPILATION_CONDITIONS = DEBUG;
				SWIFT_OPTIMIZATION_LEVEL = "-Onone";
			};
			name = Debug;
		};
		9DBA3E2427312C7300E70488 /* Release */ = {
			isa = XCBuildConfiguration;
			buildSettings = {
				ALWAYS_SEARCH_USER_PATHS = NO;
				CLANG_ANALYZER_NONNULL = YES;
				CLANG_ANALYZER_NUMBER_OBJECT_CONVERSION = YES_AGGRESSIVE;
				CLANG_CXX_LANGUAGE_STANDARD = "gnu++17";
				CLANG_CXX_LIBRARY = "libc++";
				CLANG_ENABLE_MODULES = YES;
				CLANG_ENABLE_OBJC_ARC = YES;
				CLANG_ENABLE_OBJC_WEAK = YES;
				CLANG_WARN_BLOCK_CAPTURE_AUTORELEASING = YES;
				CLANG_WARN_BOOL_CONVERSION = YES;
				CLANG_WARN_COMMA = YES;
				CLANG_WARN_CONSTANT_CONVERSION = YES;
				CLANG_WARN_DEPRECATED_OBJC_IMPLEMENTATIONS = YES;
				CLANG_WARN_DIRECT_OBJC_ISA_USAGE = YES_ERROR;
				CLANG_WARN_DOCUMENTATION_COMMENTS = YES;
				CLANG_WARN_EMPTY_BODY = YES;
				CLANG_WARN_ENUM_CONVERSION = YES;
				CLANG_WARN_INFINITE_RECURSION = YES;
				CLANG_WARN_INT_CONVERSION = YES;
				CLANG_WARN_NON_LITERAL_NULL_CONVERSION = YES;
				CLANG_WARN_OBJC_IMPLICIT_RETAIN_SELF = YES;
				CLANG_WARN_OBJC_LITERAL_CONVERSION = YES;
				CLANG_WARN_OBJC_ROOT_CLASS = YES_ERROR;
				CLANG_WARN_QUOTED_INCLUDE_IN_FRAMEWORK_HEADER = YES;
				CLANG_WARN_RANGE_LOOP_ANALYSIS = YES;
				CLANG_WARN_STRICT_PROTOTYPES = YES;
				CLANG_WARN_SUSPICIOUS_MOVE = YES;
				CLANG_WARN_UNGUARDED_AVAILABILITY = YES_AGGRESSIVE;
				CLANG_WARN_UNREACHABLE_CODE = YES;
				CLANG_WARN__DUPLICATE_METHOD_MATCH = YES;
				COPY_PHASE_STRIP = NO;
				DEBUG_INFORMATION_FORMAT = "dwarf-with-dsym";
				ENABLE_NS_ASSERTIONS = NO;
				ENABLE_STRICT_OBJC_MSGSEND = YES;
				GCC_C_LANGUAGE_STANDARD = gnu11;
				GCC_NO_COMMON_BLOCKS = YES;
				GCC_WARN_64_TO_32_BIT_CONVERSION = YES;
				GCC_WARN_ABOUT_RETURN_TYPE = YES_ERROR;
				GCC_WARN_UNDECLARED_SELECTOR = YES;
				GCC_WARN_UNINITIALIZED_AUTOS = YES_AGGRESSIVE;
				GCC_WARN_UNUSED_FUNCTION = YES;
				GCC_WARN_UNUSED_VARIABLE = YES;
				IPHONEOS_DEPLOYMENT_TARGET = 15.0;
				MTL_ENABLE_DEBUG_INFO = NO;
				MTL_FAST_MATH = YES;
				SDKROOT = iphoneos;
				SWIFT_COMPILATION_MODE = wholemodule;
				SWIFT_OPTIMIZATION_LEVEL = "-O";
				VALIDATE_PRODUCT = YES;
			};
			name = Release;
		};
		9DBA3E2627312C7300E70488 /* Debug */ = {
			isa = XCBuildConfiguration;
			buildSettings = {
				ASSETCATALOG_COMPILER_APPICON_NAME = AppIcon;
				ASSETCATALOG_COMPILER_GLOBAL_ACCENT_COLOR_NAME = AccentColor;
				CODE_SIGN_STYLE = Automatic;
				CURRENT_PROJECT_VERSION = 1;
				GENERATE_INFOPLIST_FILE = YES;
				INFOPLIST_FILE = "Stack Views lap/Info.plist";
				INFOPLIST_KEY_UIApplicationSupportsIndirectInputEvents = YES;
				INFOPLIST_KEY_UILaunchStoryboardName = LaunchScreen;
				INFOPLIST_KEY_UIMainStoryboardFile = Main;
				INFOPLIST_KEY_UISupportedInterfaceOrientations_iPad = "UIInterfaceOrientationPortrait UIInterfaceOrientationPortraitUpsideDown UIInterfaceOrientationLandscapeLeft UIInterfaceOrientationLandscapeRight";
				INFOPLIST_KEY_UISupportedInterfaceOrientations_iPhone = "UIInterfaceOrientationPortrait UIInterfaceOrientationLandscapeLeft UIInterfaceOrientationLandscapeRight";
				LD_RUNPATH_SEARCH_PATHS = (
					"$(inherited)",
					"@executable_path/Frameworks",
				);
				MARKETING_VERSION = 1.0;
				PRODUCT_BUNDLE_IDENTIFIER = "com.googel.Stack-Views-lap";
				PRODUCT_NAME = "$(TARGET_NAME)";
				SWIFT_EMIT_LOC_STRINGS = YES;
				SWIFT_VERSION = 5.0;
				TARGETED_DEVICE_FAMILY = "1,2";
			};
			name = Debug;
		};
		9DBA3E2727312C7300E70488 /* Release */ = {
			isa = XCBuildConfiguration;
			buildSettings = {
				ASSETCATALOG_COMPILER_APPICON_NAME = AppIcon;
				ASSETCATALOG_COMPILER_GLOBAL_ACCENT_COLOR_NAME = AccentColor;
				CODE_SIGN_STYLE = Automatic;
				CURRENT_PROJECT_VERSION = 1;
				GENERATE_INFOPLIST_FILE = YES;
				INFOPLIST_FILE = "Stack Views lap/Info.plist";
				INFOPLIST_KEY_UIApplicationSupportsIndirectInputEvents = YES;
				INFOPLIST_KEY_UILaunchStoryboardName = LaunchScreen;
				INFOPLIST_KEY_UIMainStoryboardFile = Main;
				INFOPLIST_KEY_UISupportedInterfaceOrientations_iPad = "UIInterfaceOrientationPortrait UIInterfaceOrientationPortraitUpsideDown UIInterfaceOrientationLandscapeLeft UIInterfaceOrientationLandscapeRight";
				INFOPLIST_KEY_UISupportedInterfaceOrientations_iPhone = "UIInterfaceOrientationPortrait UIInterfaceOrientationLandscapeLeft UIInterfaceOrientationLandscapeRight";
				LD_RUNPATH_SEARCH_PATHS = (
					"$(inherited)",
					"@executable_path/Frameworks",
				);
				MARKETING_VERSION = 1.0;
				PRODUCT_BUNDLE_IDENTIFIER = "com.googel.Stack-Views-lap";
				PRODUCT_NAME = "$(TARGET_NAME)";
				SWIFT_EMIT_LOC_STRINGS = YES;
				SWIFT_VERSION = 5.0;
				TARGETED_DEVICE_FAMILY = "1,2";
			};
			name = Release;
		};
		9DBA3E2927312C7300E70488 /* Debug */ = {
			isa = XCBuildConfiguration;
			buildSettings = {
				ALWAYS_EMBED_SWIFT_STANDARD_LIBRARIES = YES;
				BUNDLE_LOADER = "$(TEST_HOST)";
				CODE_SIGN_STYLE = Automatic;
				CURRENT_PROJECT_VERSION = 1;
				GENERATE_INFOPLIST_FILE = YES;
				IPHONEOS_DEPLOYMENT_TARGET = 15.0;
				LD_RUNPATH_SEARCH_PATHS = (
					"$(inherited)",
					"@executable_path/Frameworks",
					"@loader_path/Frameworks",
				);
				MARKETING_VERSION = 1.0;
				PRODUCT_BUNDLE_IDENTIFIER = "com.googel.Stack-Views-lapTests";
				PRODUCT_NAME = "$(TARGET_NAME)";
				SWIFT_EMIT_LOC_STRINGS = NO;
				SWIFT_VERSION = 5.0;
				TARGETED_DEVICE_FAMILY = "1,2";
				TEST_HOST = "$(BUILT_PRODUCTS_DIR)/Stack Views lap.app/Stack Views lap";
			};
			name = Debug;
		};
		9DBA3E2A27312C7300E70488 /* Release */ = {
			isa = XCBuildConfiguration;
			buildSettings = {
				ALWAYS_EMBED_SWIFT_STANDARD_LIBRARIES = YES;
				BUNDLE_LOADER = "$(TEST_HOST)";
				CODE_SIGN_STYLE = Automatic;
				CURRENT_PROJECT_VERSION = 1;
				GENERATE_INFOPLIST_FILE = YES;
				IPHONEOS_DEPLOYMENT_TARGET = 15.0;
				LD_RUNPATH_SEARCH_PATHS = (
					"$(inherited)",
					"@executable_path/Frameworks",
					"@loader_path/Frameworks",
				);
				MARKETING_VERSION = 1.0;
				PRODUCT_BUNDLE_IDENTIFIER = "com.googel.Stack-Views-lapTests";
				PRODUCT_NAME = "$(TARGET_NAME)";
				SWIFT_EMIT_LOC_STRINGS = NO;
				SWIFT_VERSION = 5.0;
				TARGETED_DEVICE_FAMILY = "1,2";
				TEST_HOST = "$(BUILT_PRODUCTS_DIR)/Stack Views lap.app/Stack Views lap";
			};
			name = Release;
		};
		9DBA3E2C27312C7300E70488 /* Debug */ = {
			isa = XCBuildConfiguration;
			buildSettings = {
				ALWAYS_EMBED_SWIFT_STANDARD_LIBRARIES = YES;
				CODE_SIGN_STYLE = Automatic;
				CURRENT_PROJECT_VERSION = 1;
				GENERATE_INFOPLIST_FILE = YES;
				LD_RUNPATH_SEARCH_PATHS = (
					"$(inherited)",
					"@executable_path/Frameworks",
					"@loader_path/Frameworks",
				);
				MARKETING_VERSION = 1.0;
				PRODUCT_BUNDLE_IDENTIFIER = "com.googel.Stack-Views-lapUITests";
				PRODUCT_NAME = "$(TARGET_NAME)";
				SWIFT_EMIT_LOC_STRINGS = NO;
				SWIFT_VERSION = 5.0;
				TARGETED_DEVICE_FAMILY = "1,2";
				TEST_TARGET_NAME = "Stack Views lap";
			};
			name = Debug;
		};
		9DBA3E2D27312C7300E70488 /* Release */ = {
			isa = XCBuildConfiguration;
			buildSettings = {
				ALWAYS_EMBED_SWIFT_STANDARD_LIBRARIES = YES;
				CODE_SIGN_STYLE = Automatic;
				CURRENT_PROJECT_VERSION = 1;
				GENERATE_INFOPLIST_FILE = YES;
				LD_RUNPATH_SEARCH_PATHS = (
					"$(inherited)",
					"@executable_path/Frameworks",
					"@loader_path/Frameworks",
				);
				MARKETING_VERSION = 1.0;
				PRODUCT_BUNDLE_IDENTIFIER = "com.googel.Stack-Views-lapUITests";
				PRODUCT_NAME = "$(TARGET_NAME)";
				SWIFT_EMIT_LOC_STRINGS = NO;
				SWIFT_VERSION = 5.0;
				TARGETED_DEVICE_FAMILY = "1,2";
				TEST_TARGET_NAME = "Stack Views lap";
			};
			name = Release;
		};
/* End XCBuildConfiguration section */

/* Begin XCConfigurationList section */
		9DBA3DF627312C7200E70488 /* Build configuration list for PBXProject "Stack Views lap" */ = {
			isa = XCConfigurationList;
			buildConfigurations = (
				9DBA3E2327312C7300E70488 /* Debug */,
				9DBA3E2427312C7300E70488 /* Release */,
			);
			defaultConfigurationIsVisible = 0;
			defaultConfigurationName = Release;
		};
		9DBA3E2527312C7300E70488 /* Build configuration list for PBXNativeTarget "Stack Views lap" */ = {
			isa = XCConfigurationList;
			buildConfigurations = (
				9DBA3E2627312C7300E70488 /* Debug */,
				9DBA3E2727312C7300E70488 /* Release */,
			);
			defaultConfigurationIsVisible = 0;
			defaultConfigurationName = Release;
		};
		9DBA3E2827312C7300E70488 /* Build configuration list for PBXNativeTarget "Stack Views lapTests" */ = {
			isa = XCConfigurationList;
			buildConfigurations = (
				9DBA3E2927312C7300E70488 /* Debug */,
				9DBA3E2A27312C7300E70488 /* Release */,
			);
			defaultConfigurationIsVisible = 0;
			defaultConfigurationName = Release;
		};
		9DBA3E2B27312C7300E70488 /* Build configuration list for PBXNativeTarget "Stack Views lapUITests" */ = {
			isa = XCConfigurationList;
			buildConfigurations = (
				9DBA3E2C27312C7300E70488 /* Debug */,
				9DBA3E2D27312C7300E70488 /* Release */,
			);
			defaultConfigurationIsVisible = 0;
			defaultConfigurationName = Release;
		};
/* End XCConfigurationList section */
	};
	rootObject = 9DBA3DF327312C7200E70488 /* Project object */;
}
